// !$*UTF8*$!
{
	archiveVersion = 1;
	classes = {
	};
	objectVersion = 56;
	objects = {

/* Begin PBXBuildFile section */
		77D7F7022C010C39007F7978 /* AppDelegate.swift in Sources */ = {isa = PBXBuildFile; fileRef = 77D7F7012C010C39007F7978 /* AppDelegate.swift */; };
		77D7F7042C010C39007F7978 /* SceneDelegate.swift in Sources */ = {isa = PBXBuildFile; fileRef = 77D7F7032C010C39007F7978 /* SceneDelegate.swift */; };
		77D7F7062C010C39007F7978 /* ContactsVC.swift in Sources */ = {isa = PBXBuildFile; fileRef = 77D7F7052C010C39007F7978 /* ContactsVC.swift */; };
		77D7F7092C010C39007F7978 /* Main.storyboard in Resources */ = {isa = PBXBuildFile; fileRef = 77D7F7072C010C39007F7978 /* Main.storyboard */; };
		77D7F70B2C010C3A007F7978 /* Assets.xcassets in Resources */ = {isa = PBXBuildFile; fileRef = 77D7F70A2C010C3A007F7978 /* Assets.xcassets */; };
		77D7F70E2C010C3A007F7978 /* LaunchScreen.storyboard in Resources */ = {isa = PBXBuildFile; fileRef = 77D7F70C2C010C3A007F7978 /* LaunchScreen.storyboard */; };
		77D7F7162C010EE2007F7978 /* NewContactVC.swift in Sources */ = {isa = PBXBuildFile; fileRef = 77D7F7152C010EE2007F7978 /* NewContactVC.swift */; };
		77D7F7182C010EF6007F7978 /* EditVC.swift in Sources */ = {isa = PBXBuildFile; fileRef = 77D7F7172C010EF6007F7978 /* EditVC.swift */; };
		77D7F71A2C010F17007F7978 /* ContactsCell.swift in Sources */ = {isa = PBXBuildFile; fileRef = 77D7F7192C010F17007F7978 /* ContactsCell.swift */; };
		77D7F71C2C010F4E007F7978 /* Contact.swift in Sources */ = {isa = PBXBuildFile; fileRef = 77D7F71B2C010F4E007F7978 /* Contact.swift */; };
		77D7F7252C01104F007F7978 /* ContactsResponse.swift in Sources */ = {isa = PBXBuildFile; fileRef = 77D7F7242C01104F007F7978 /* ContactsResponse.swift */; };
		77D7F7272C01105C007F7978 /* CRUDResponse.swift in Sources */ = {isa = PBXBuildFile; fileRef = 77D7F7262C01105C007F7978 /* CRUDResponse.swift */; };
		77D7F7292C0110AD007F7978 /* ContactsDaoRepository.swift in Sources */ = {isa = PBXBuildFile; fileRef = 77D7F7282C0110AD007F7978 /* ContactsDaoRepository.swift */; };
		77D7F72B2C0110C5007F7978 /* EditViewModel.swift in Sources */ = {isa = PBXBuildFile; fileRef = 77D7F72A2C0110C5007F7978 /* EditViewModel.swift */; };
		77D7F72D2C0110D4007F7978 /* NewContactViewModel.swift in Sources */ = {isa = PBXBuildFile; fileRef = 77D7F72C2C0110D4007F7978 /* NewContactViewModel.swift */; };
		77D7F7302C0110F7007F7978 /* ContactsViewModel.swift in Sources */ = {isa = PBXBuildFile; fileRef = 77D7F72F2C0110F7007F7978 /* ContactsViewModel.swift */; };
/* End PBXBuildFile section */

/* Begin PBXFileReference section */
		77D7F6FE2C010C39007F7978 /* ContactsApp_Alamofire.app */ = {isa = PBXFileReference; explicitFileType = wrapper.application; includeInIndex = 0; path = ContactsApp_Alamofire.app; sourceTree = BUILT_PRODUCTS_DIR; };
		77D7F7012C010C39007F7978 /* AppDelegate.swift */ = {isa = PBXFileReference; lastKnownFileType = sourcecode.swift; path = AppDelegate.swift; sourceTree = "<group>"; };
		77D7F7032C010C39007F7978 /* SceneDelegate.swift */ = {isa = PBXFileReference; lastKnownFileType = sourcecode.swift; path = SceneDelegate.swift; sourceTree = "<group>"; };
		77D7F7052C010C39007F7978 /* ContactsVC.swift */ = {isa = PBXFileReference; lastKnownFileType = sourcecode.swift; path = ContactsVC.swift; sourceTree = "<group>"; };
		77D7F7082C010C39007F7978 /* Base */ = {isa = PBXFileReference; lastKnownFileType = file.storyboard; name = Base; path = Base.lproj/Main.storyboard; sourceTree = "<group>"; };
		77D7F70A2C010C3A007F7978 /* Assets.xcassets */ = {isa = PBXFileReference; lastKnownFileType = folder.assetcatalog; path = Assets.xcassets; sourceTree = "<group>"; };
		77D7F70D2C010C3A007F7978 /* Base */ = {isa = PBXFileReference; lastKnownFileType = file.storyboard; name = Base; path = Base.lproj/LaunchScreen.storyboard; sourceTree = "<group>"; };
		77D7F70F2C010C3A007F7978 /* Info.plist */ = {isa = PBXFileReference; lastKnownFileType = text.plist.xml; path = Info.plist; sourceTree = "<group>"; };
		77D7F7152C010EE2007F7978 /* NewContactVC.swift */ = {isa = PBXFileReference; lastKnownFileType = sourcecode.swift; path = NewContactVC.swift; sourceTree = "<group>"; };
		77D7F7172C010EF6007F7978 /* EditVC.swift */ = {isa = PBXFileReference; lastKnownFileType = sourcecode.swift; path = EditVC.swift; sourceTree = "<group>"; };
		77D7F7192C010F17007F7978 /* ContactsCell.swift */ = {isa = PBXFileReference; lastKnownFileType = sourcecode.swift; path = ContactsCell.swift; sourceTree = "<group>"; };
		77D7F71B2C010F4E007F7978 /* Contact.swift */ = {isa = PBXFileReference; lastKnownFileType = sourcecode.swift; path = Contact.swift; sourceTree = "<group>"; };
		77D7F7242C01104F007F7978 /* ContactsResponse.swift */ = {isa = PBXFileReference; lastKnownFileType = sourcecode.swift; path = ContactsResponse.swift; sourceTree = "<group>"; };
		77D7F7262C01105C007F7978 /* CRUDResponse.swift */ = {isa = PBXFileReference; lastKnownFileType = sourcecode.swift; path = CRUDResponse.swift; sourceTree = "<group>"; };
		77D7F7282C0110AD007F7978 /* ContactsDaoRepository.swift */ = {isa = PBXFileReference; lastKnownFileType = sourcecode.swift; path = ContactsDaoRepository.swift; sourceTree = "<group>"; };
		77D7F72A2C0110C5007F7978 /* EditViewModel.swift */ = {isa = PBXFileReference; lastKnownFileType = sourcecode.swift; path = EditViewModel.swift; sourceTree = "<group>"; };
		77D7F72C2C0110D4007F7978 /* NewContactViewModel.swift */ = {isa = PBXFileReference; lastKnownFileType = sourcecode.swift; path = NewContactViewModel.swift; sourceTree = "<group>"; };
		77D7F72F2C0110F7007F7978 /* ContactsViewModel.swift */ = {isa = PBXFileReference; lastKnownFileType = sourcecode.swift; path = ContactsViewModel.swift; sourceTree = "<group>"; };
/* End PBXFileReference section */

/* Begin PBXFrameworksBuildPhase section */
		77D7F6FB2C010C39007F7978 /* Frameworks */ = {
			isa = PBXFrameworksBuildPhase;
			buildActionMask = 2147483647;
			files = (
			);
			runOnlyForDeploymentPostprocessing = 0;
		};
/* End PBXFrameworksBuildPhase section */

/* Begin PBXGroup section */
		77D7F6F52C010C39007F7978 = {
			isa = PBXGroup;
			children = (
				77D7F7002C010C39007F7978 /* ContactsApp_Alamofire */,
				77D7F6FF2C010C39007F7978 /* Products */,
			);
			sourceTree = "<group>";
		};
		77D7F6FF2C010C39007F7978 /* Products */ = {
			isa = PBXGroup;
			children = (
				77D7F6FE2C010C39007F7978 /* ContactsApp_Alamofire.app */,
			);
			name = Products;
			sourceTree = "<group>";
		};
		77D7F7002C010C39007F7978 /* ContactsApp_Alamofire */ = {
			isa = PBXGroup;
			children = (
				77D7F7012C010C39007F7978 /* AppDelegate.swift */,
				77D7F7032C010C39007F7978 /* SceneDelegate.swift */,
				77D7F71E2C010FC9007F7978 /* ui */,
				77D7F71D2C010FC4007F7978 /* data */,
				77D7F7072C010C39007F7978 /* Main.storyboard */,
				77D7F70A2C010C3A007F7978 /* Assets.xcassets */,
				77D7F70C2C010C3A007F7978 /* LaunchScreen.storyboard */,
				77D7F70F2C010C3A007F7978 /* Info.plist */,
			);
			path = ContactsApp_Alamofire;
			sourceTree = "<group>";
		};
		77D7F71D2C010FC4007F7978 /* data */ = {
			isa = PBXGroup;
			children = (
				77D7F7202C010FD8007F7978 /* repo */,
				77D7F71F2C010FCF007F7978 /* entity */,
			);
			path = data;
			sourceTree = "<group>";
		};
		77D7F71E2C010FC9007F7978 /* ui */ = {
			isa = PBXGroup;
			children = (
				77D7F7232C010FEB007F7978 /* viewmodels */,
				77D7F7222C010FE5007F7978 /* tablecell */,
				77D7F7212C010FDF007F7978 /* views */,
			);
			path = ui;
			sourceTree = "<group>";
		};
		77D7F71F2C010FCF007F7978 /* entity */ = {
			isa = PBXGroup;
			children = (
				77D7F71B2C010F4E007F7978 /* Contact.swift */,
				77D7F7242C01104F007F7978 /* ContactsResponse.swift */,
				77D7F7262C01105C007F7978 /* CRUDResponse.swift */,
			);
			path = entity;
			sourceTree = "<group>";
		};
		77D7F7202C010FD8007F7978 /* repo */ = {
			isa = PBXGroup;
			children = (
				77D7F7282C0110AD007F7978 /* ContactsDaoRepository.swift */,
			);
			path = repo;
			sourceTree = "<group>";
		};
		77D7F7212C010FDF007F7978 /* views */ = {
			isa = PBXGroup;
			children = (
				77D7F7052C010C39007F7978 /* ContactsVC.swift */,
				77D7F7152C010EE2007F7978 /* NewContactVC.swift */,
				77D7F7172C010EF6007F7978 /* EditVC.swift */,
			);
			path = views;
			sourceTree = "<group>";
		};
		77D7F7222C010FE5007F7978 /* tablecell */ = {
			isa = PBXGroup;
			children = (
				77D7F7192C010F17007F7978 /* ContactsCell.swift */,
			);
			path = tablecell;
			sourceTree = "<group>";
		};
		77D7F7232C010FEB007F7978 /* viewmodels */ = {
			isa = PBXGroup;
			children = (
				77D7F72F2C0110F7007F7978 /* ContactsViewModel.swift */,
				77D7F72C2C0110D4007F7978 /* NewContactViewModel.swift */,
				77D7F72A2C0110C5007F7978 /* EditViewModel.swift */,
			);
			path = viewmodels;
			sourceTree = "<group>";
		};
/* End PBXGroup section */

/* Begin PBXNativeTarget section */
		77D7F6FD2C010C39007F7978 /* ContactsApp_Alamofire */ = {
			isa = PBXNativeTarget;
			buildConfigurationList = 77D7F7122C010C3A007F7978 /* Build configuration list for PBXNativeTarget "ContactsApp_Alamofire" */;
			buildPhases = (
				77D7F6FA2C010C39007F7978 /* Sources */,
				77D7F6FB2C010C39007F7978 /* Frameworks */,
				77D7F6FC2C010C39007F7978 /* Resources */,
			);
			buildRules = (
			);
			dependencies = (
			);
			name = ContactsApp_Alamofire;
			productName = ContactsApp_Alamofire;
			productReference = 77D7F6FE2C010C39007F7978 /* ContactsApp_Alamofire.app */;
			productType = "com.apple.product-type.application";
		};
/* End PBXNativeTarget section */

/* Begin PBXProject section */
		77D7F6F62C010C39007F7978 /* Project object */ = {
			isa = PBXProject;
			attributes = {
				BuildIndependentTargetsInParallel = 1;
				LastSwiftUpdateCheck = 1510;
				LastUpgradeCheck = 1510;
				TargetAttributes = {
					77D7F6FD2C010C39007F7978 = {
						CreatedOnToolsVersion = 15.1;
					};
				};
			};
			buildConfigurationList = 77D7F6F92C010C39007F7978 /* Build configuration list for PBXProject "ContactsApp_Alamofire" */;
			compatibilityVersion = "Xcode 14.0";
			developmentRegion = en;
			hasScannedForEncodings = 0;
			knownRegions = (
				en,
				Base,
			);
			mainGroup = 77D7F6F52C010C39007F7978;
			productRefGroup = 77D7F6FF2C010C39007F7978 /* Products */;
			projectDirPath = "";
			projectRoot = "";
			targets = (
				77D7F6FD2C010C39007F7978 /* ContactsApp_Alamofire */,
			);
		};
/* End PBXProject section */

/* Begin PBXResourcesBuildPhase section */
		77D7F6FC2C010C39007F7978 /* Resources */ = {
			isa = PBXResourcesBuildPhase;
			buildActionMask = 2147483647;
			files = (
				77D7F70E2C010C3A007F7978 /* LaunchScreen.storyboard in Resources */,
				77D7F70B2C010C3A007F7978 /* Assets.xcassets in Resources */,
				77D7F7092C010C39007F7978 /* Main.storyboard in Resources */,
			);
			runOnlyForDeploymentPostprocessing = 0;
		};
/* End PBXResourcesBuildPhase section */

/* Begin PBXSourcesBuildPhase section */
		77D7F6FA2C010C39007F7978 /* Sources */ = {
			isa = PBXSourcesBuildPhase;
			buildActionMask = 2147483647;
			files = (
				77D7F7182C010EF6007F7978 /* EditVC.swift in Sources */,
				77D7F7162C010EE2007F7978 /* NewContactVC.swift in Sources */,
				77D7F71A2C010F17007F7978 /* ContactsCell.swift in Sources */,
				77D7F7062C010C39007F7978 /* ContactsVC.swift in Sources */,
				77D7F7022C010C39007F7978 /* AppDelegate.swift in Sources */,
				77D7F7042C010C39007F7978 /* SceneDelegate.swift in Sources */,
				77D7F72D2C0110D4007F7978 /* NewContactViewModel.swift in Sources */,
				77D7F71C2C010F4E007F7978 /* Contact.swift in Sources */,
				77D7F7252C01104F007F7978 /* ContactsResponse.swift in Sources */,
				77D7F72B2C0110C5007F7978 /* EditViewModel.swift in Sources */,
				77D7F7272C01105C007F7978 /* CRUDResponse.swift in Sources */,
				77D7F7302C0110F7007F7978 /* ContactsViewModel.swift in Sources */,
				77D7F7292C0110AD007F7978 /* ContactsDaoRepository.swift in Sources */,
			);
			runOnlyForDeploymentPostprocessing = 0;
		};
/* End PBXSourcesBuildPhase section */

/* Begin PBXVariantGroup section */
		77D7F7072C010C39007F7978 /* Main.storyboard */ = {
			isa = PBXVariantGroup;
			children = (
				77D7F7082C010C39007F7978 /* Base */,
			);
			name = Main.storyboard;
			sourceTree = "<group>";
		};
		77D7F70C2C010C3A007F7978 /* LaunchScreen.storyboard */ = {
			isa = PBXVariantGroup;
			children = (
				77D7F70D2C010C3A007F7978 /* Base */,
			);
			name = LaunchScreen.storyboard;
			sourceTree = "<group>";
		};
/* End PBXVariantGroup section */

/* Begin XCBuildConfiguration section */
		77D7F7102C010C3A007F7978 /* Debug */ = {
			isa = XCBuildConfiguration;
			buildSettings = {
				ALWAYS_SEARCH_USER_PATHS = NO;
				ASSETCATALOG_COMPILER_GENERATE_SWIFT_ASSET_SYMBOL_EXTENSIONS = YES;
				CLANG_ANALYZER_NONNULL = YES;
				CLANG_ANALYZER_NUMBER_OBJECT_CONVERSION = YES_AGGRESSIVE;
				CLANG_CXX_LANGUAGE_STANDARD = "gnu++20";
				CLANG_ENABLE_MODULES = YES;
				CLANG_ENABLE_OBJC_ARC = YES;
				CLANG_ENABLE_OBJC_WEAK = YES;
				CLANG_WARN_BLOCK_CAPTURE_AUTORELEASING = YES;
				CLANG_WARN_BOOL_CONVERSION = YES;
				CLANG_WARN_COMMA = YES;
				CLANG_WARN_CONSTANT_CONVERSION = YES;
				CLANG_WARN_DEPRECATED_OBJC_IMPLEMENTATIONS = YES;
				CLANG_WARN_DIRECT_OBJC_ISA_USAGE = YES_ERROR;
				CLANG_WARN_DOCUMENTATION_COMMENTS = YES;
				CLANG_WARN_EMPTY_BODY = YES;
				CLANG_WARN_ENUM_CONVERSION = YES;
				CLANG_WARN_INFINITE_RECURSION = YES;
				CLANG_WARN_INT_CONVERSION = YES;
				CLANG_WARN_NON_LITERAL_NULL_CONVERSION = YES;
				CLANG_WARN_OBJC_IMPLICIT_RETAIN_SELF = YES;
				CLANG_WARN_OBJC_LITERAL_CONVERSION = YES;
				CLANG_WARN_OBJC_ROOT_CLASS = YES_ERROR;
				CLANG_WARN_QUOTED_INCLUDE_IN_FRAMEWORK_HEADER = YES;
				CLANG_WARN_RANGE_LOOP_ANALYSIS = YES;
				CLANG_WARN_STRICT_PROTOTYPES = YES;
				CLANG_WARN_SUSPICIOUS_MOVE = YES;
				CLANG_WARN_UNGUARDED_AVAILABILITY = YES_AGGRESSIVE;
				CLANG_WARN_UNREACHABLE_CODE = YES;
				CLANG_WARN__DUPLICATE_METHOD_MATCH = YES;
				COPY_PHASE_STRIP = NO;
				DEBUG_INFORMATION_FORMAT = dwarf;
				ENABLE_STRICT_OBJC_MSGSEND = YES;
				ENABLE_TESTABILITY = YES;
				ENABLE_USER_SCRIPT_SANDBOXING = YES;
				GCC_C_LANGUAGE_STANDARD = gnu17;
				GCC_DYNAMIC_NO_PIC = NO;
				GCC_NO_COMMON_BLOCKS = YES;
				GCC_OPTIMIZATION_LEVEL = 0;
				GCC_PREPROCESSOR_DEFINITIONS = (
					"DEBUG=1",
					"$(inherited)",
				);
				GCC_WARN_64_TO_32_BIT_CONVERSION = YES;
				GCC_WARN_ABOUT_RETURN_TYPE = YES_ERROR;
				GCC_WARN_UNDECLARED_SELECTOR = YES;
				GCC_WARN_UNINITIALIZED_AUTOS = YES_AGGRESSIVE;
				GCC_WARN_UNUSED_FUNCTION = YES;
				GCC_WARN_UNUSED_VARIABLE = YES;
				IPHONEOS_DEPLOYMENT_TARGET = 17.2;
				LOCALIZATION_PREFERS_STRING_CATALOGS = YES;
				MTL_ENABLE_DEBUG_INFO = INCLUDE_SOURCE;
				MTL_FAST_MATH = YES;
				ONLY_ACTIVE_ARCH = YES;
				SDKROOT = iphoneos;
				SWIFT_ACTIVE_COMPILATION_CONDITIONS = "DEBUG $(inherited)";
				SWIFT_OPTIMIZATION_LEVEL = "-Onone";
			};
			name = Debug;
		};
		77D7F7112C010C3A007F7978 /* Release */ = {
			isa = XCBuildConfiguration;
			buildSettings = {
				ALWAYS_SEARCH_USER_PATHS = NO;
				ASSETCATALOG_COMPILER_GENERATE_SWIFT_ASSET_SYMBOL_EXTENSIONS = YES;
				CLANG_ANALYZER_NONNULL = YES;
				CLANG_ANALYZER_NUMBER_OBJECT_CONVERSION = YES_AGGRESSIVE;
				CLANG_CXX_LANGUAGE_STANDARD = "gnu++20";
				CLANG_ENABLE_MODULES = YES;
				CLANG_ENABLE_OBJC_ARC = YES;
				CLANG_ENABLE_OBJC_WEAK = YES;
				CLANG_WARN_BLOCK_CAPTURE_AUTORELEASING = YES;
				CLANG_WARN_BOOL_CONVERSION = YES;
				CLANG_WARN_COMMA = YES;
				CLANG_WARN_CONSTANT_CONVERSION = YES;
				CLANG_WARN_DEPRECATED_OBJC_IMPLEMENTATIONS = YES;
				CLANG_WARN_DIRECT_OBJC_ISA_USAGE = YES_ERROR;
				CLANG_WARN_DOCUMENTATION_COMMENTS = YES;
				CLANG_WARN_EMPTY_BODY = YES;
				CLANG_WARN_ENUM_CONVERSION = YES;
				CLANG_WARN_INFINITE_RECURSION = YES;
				CLANG_WARN_INT_CONVERSION = YES;
				CLANG_WARN_NON_LITERAL_NULL_CONVERSION = YES;
				CLANG_WARN_OBJC_IMPLICIT_RETAIN_SELF = YES;
				CLANG_WARN_OBJC_LITERAL_CONVERSION = YES;
				CLANG_WARN_OBJC_ROOT_CLASS = YES_ERROR;
				CLANG_WARN_QUOTED_INCLUDE_IN_FRAMEWORK_HEADER = YES;
				CLANG_WARN_RANGE_LOOP_ANALYSIS = YES;
				CLANG_WARN_STRICT_PROTOTYPES = YES;
				CLANG_WARN_SUSPICIOUS_MOVE = YES;
				CLANG_WARN_UNGUARDED_AVAILABILITY = YES_AGGRESSIVE;
				CLANG_WARN_UNREACHABLE_CODE = YES;
				CLANG_WARN__DUPLICATE_METHOD_MATCH = YES;
				COPY_PHASE_STRIP = NO;
				DEBUG_INFORMATION_FORMAT = "dwarf-with-dsym";
				ENABLE_NS_ASSERTIONS = NO;
				ENABLE_STRICT_OBJC_MSGSEND = YES;
				ENABLE_USER_SCRIPT_SANDBOXING = YES;
				GCC_C_LANGUAGE_STANDARD = gnu17;
				GCC_NO_COMMON_BLOCKS = YES;
				GCC_WARN_64_TO_32_BIT_CONVERSION = YES;
				GCC_WARN_ABOUT_RETURN_TYPE = YES_ERROR;
				GCC_WARN_UNDECLARED_SELECTOR = YES;
				GCC_WARN_UNINITIALIZED_AUTOS = YES_AGGRESSIVE;
				GCC_WARN_UNUSED_FUNCTION = YES;
				GCC_WARN_UNUSED_VARIABLE = YES;
				IPHONEOS_DEPLOYMENT_TARGET = 17.2;
				LOCALIZATION_PREFERS_STRING_CATALOGS = YES;
				MTL_ENABLE_DEBUG_INFO = NO;
				MTL_FAST_MATH = YES;
				SDKROOT = iphoneos;
				SWIFT_COMPILATION_MODE = wholemodule;
				VALIDATE_PRODUCT = YES;
			};
			name = Release;
		};
		77D7F7132C010C3A007F7978 /* Debug */ = {
			isa = XCBuildConfiguration;
			buildSettings = {
				ASSETCATALOG_COMPILER_APPICON_NAME = AppIcon;
				ASSETCATALOG_COMPILER_GLOBAL_ACCENT_COLOR_NAME = AccentColor;
				CODE_SIGN_STYLE = Automatic;
				CURRENT_PROJECT_VERSION = 1;
				DEVELOPMENT_TEAM = 24F98Z3S44;
				GENERATE_INFOPLIST_FILE = YES;
				INFOPLIST_FILE = ContactsApp_Alamofire/Info.plist;
				INFOPLIST_KEY_UIApplicationSupportsIndirectInputEvents = YES;
				INFOPLIST_KEY_UILaunchStoryboardName = LaunchScreen;
				INFOPLIST_KEY_UIMainStoryboardFile = Main;
				INFOPLIST_KEY_UISupportedInterfaceOrientations_iPad = "UIInterfaceOrientationPortrait UIInterfaceOrientationPortraitUpsideDown UIInterfaceOrientationLandscapeLeft UIInterfaceOrientationLandscapeRight";
				INFOPLIST_KEY_UISupportedInterfaceOrientations_iPhone = "UIInterfaceOrientationPortrait UIInterfaceOrientationLandscapeLeft UIInterfaceOrientationLandscapeRight";
				LD_RUNPATH_SEARCH_PATHS = (
					"$(inherited)",
					"@executable_path/Frameworks",
				);
				MARKETING_VERSION = 1.0;
				PRODUCT_BUNDLE_IDENTIFIER = "com.onurcankurt.ContactsApp-Alamofire";
				PRODUCT_NAME = "$(TARGET_NAME)";
				SWIFT_EMIT_LOC_STRINGS = YES;
				SWIFT_VERSION = 5.0;
				TARGETED_DEVICE_FAMILY = "1,2";
			};
			name = Debug;
		};
		77D7F7142C010C3A007F7978 /* Release */ = {
			isa = XCBuildConfiguration;
			buildSettings = {
				ASSETCATALOG_COMPILER_APPICON_NAME = AppIcon;
				ASSETCATALOG_COMPILER_GLOBAL_ACCENT_COLOR_NAME = AccentColor;
				CODE_SIGN_STYLE = Automatic;
				CURRENT_PROJECT_VERSION = 1;
				DEVELOPMENT_TEAM = 24F98Z3S44;
				GENERATE_INFOPLIST_FILE = YES;
				INFOPLIST_FILE = ContactsApp_Alamofire/Info.plist;
				INFOPLIST_KEY_UIApplicationSupportsIndirectInputEvents = YES;
				INFOPLIST_KEY_UILaunchStoryboardName = LaunchScreen;
				INFOPLIST_KEY_UIMainStoryboardFile = Main;
				INFOPLIST_KEY_UISupportedInterfaceOrientations_iPad = "UIInterfaceOrientationPortrait UIInterfaceOrientationPortraitUpsideDown UIInterfaceOrientationLandscapeLeft UIInterfaceOrientationLandscapeRight";
				INFOPLIST_KEY_UISupportedInterfaceOrientations_iPhone = "UIInterfaceOrientationPortrait UIInterfaceOrientationLandscapeLeft UIInterfaceOrientationLandscapeRight";
				LD_RUNPATH_SEARCH_PATHS = (
					"$(inherited)",
					"@executable_path/Frameworks",
				);
				MARKETING_VERSION = 1.0;
				PRODUCT_BUNDLE_IDENTIFIER = "com.onurcankurt.ContactsApp-Alamofire";
				PRODUCT_NAME = "$(TARGET_NAME)";
				SWIFT_EMIT_LOC_STRINGS = YES;
				SWIFT_VERSION = 5.0;
				TARGETED_DEVICE_FAMILY = "1,2";
			};
			name = Release;
		};
/* End XCBuildConfiguration section */

/* Begin XCConfigurationList section */
		77D7F6F92C010C39007F7978 /* Build configuration list for PBXProject "ContactsApp_Alamofire" */ = {
			isa = XCConfigurationList;
			buildConfigurations = (
				77D7F7102C010C3A007F7978 /* Debug */,
				77D7F7112C010C3A007F7978 /* Release */,
			);
			defaultConfigurationIsVisible = 0;
			defaultConfigurationName = Release;
		};
		77D7F7122C010C3A007F7978 /* Build configuration list for PBXNativeTarget "ContactsApp_Alamofire" */ = {
			isa = XCConfigurationList;
			buildConfigurations = (
				77D7F7132C010C3A007F7978 /* Debug */,
				77D7F7142C010C3A007F7978 /* Release */,
			);
			defaultConfigurationIsVisible = 0;
			defaultConfigurationName = Release;
		};
/* End XCConfigurationList section */
	};
	rootObject = 77D7F6F62C010C39007F7978 /* Project object */;
}
